// !$*UTF8*$!
{
	archiveVersion = 1;
	classes = {
	};
	objectVersion = 46;
	objects = {

/* Begin PBXBuildFile section */
		CD09FCCD1B95452500F350FB /* JournalImageTableViewCell.swift in Sources */ = {isa = PBXBuildFile; fileRef = CD09FCCC1B95452500F350FB /* JournalImageTableViewCell.swift */; };
		CD09FCD31B96AEE700F350FB /* MapViewController.swift in Sources */ = {isa = PBXBuildFile; fileRef = CD09FCD21B96AEE700F350FB /* MapViewController.swift */; };
		CD3599BA1B942BCD007EF4F3 /* JournalDetailTableViewController.swift in Sources */ = {isa = PBXBuildFile; fileRef = CD3599B91B942BCD007EF4F3 /* JournalDetailTableViewController.swift */; };
		CD3599BE1B9448FA007EF4F3 /* JournalBodyTableViewCell.swift in Sources */ = {isa = PBXBuildFile; fileRef = CD3599BD1B9448FA007EF4F3 /* JournalBodyTableViewCell.swift */; };
		CD3599C01B944F07007EF4F3 /* JournalMapTableViewCell.swift in Sources */ = {isa = PBXBuildFile; fileRef = CD3599BF1B944F07007EF4F3 /* JournalMapTableViewCell.swift */; };
		CD39C3831C5709C800A3DB51 /* FBSDKCoreKit.framework in Frameworks */ = {isa = PBXBuildFile; fileRef = CD39C3801C5709C800A3DB51 /* FBSDKCoreKit.framework */; };
		CD39C3841C5709C800A3DB51 /* FBSDKLoginKit.framework in Frameworks */ = {isa = PBXBuildFile; fileRef = CD39C3811C5709C800A3DB51 /* FBSDKLoginKit.framework */; };
		CD39C3851C5709C800A3DB51 /* FBSDKShareKit.framework in Frameworks */ = {isa = PBXBuildFile; fileRef = CD39C3821C5709C800A3DB51 /* FBSDKShareKit.framework */; };
		CD39C3871C570E9100A3DB51 /* LoginViewController.swift in Sources */ = {isa = PBXBuildFile; fileRef = CD39C3861C570E9100A3DB51 /* LoginViewController.swift */; };
		CD44230A1B901506000EC621 /* AppDelegate.swift in Sources */ = {isa = PBXBuildFile; fileRef = CD4423091B901506000EC621 /* AppDelegate.swift */; };
		CD44230F1B901506000EC621 /* JournalTableViewController.swift in Sources */ = {isa = PBXBuildFile; fileRef = CD44230E1B901506000EC621 /* JournalTableViewController.swift */; };
		CD4423121B901506000EC621 /* Main.storyboard in Resources */ = {isa = PBXBuildFile; fileRef = CD4423101B901506000EC621 /* Main.storyboard */; };
		CD4423141B901506000EC621 /* Images.xcassets in Resources */ = {isa = PBXBuildFile; fileRef = CD4423131B901506000EC621 /* Images.xcassets */; };
		CD4423171B901506000EC621 /* LaunchScreen.xib in Resources */ = {isa = PBXBuildFile; fileRef = CD4423151B901506000EC621 /* LaunchScreen.xib */; };
		CD4423231B901506000EC621 /* JournalAppTests.swift in Sources */ = {isa = PBXBuildFile; fileRef = CD4423221B901506000EC621 /* JournalAppTests.swift */; };
		CD44232D1B9015DF000EC621 /* EntryTableViewCell.swift in Sources */ = {isa = PBXBuildFile; fileRef = CD44232C1B9015DF000EC621 /* EntryTableViewCell.swift */; };
		CD44232F1B90183B000EC621 /* AddEntryViewController.swift in Sources */ = {isa = PBXBuildFile; fileRef = CD44232E1B90183B000EC621 /* AddEntryViewController.swift */; };
		CD4423311B901971000EC621 /* PictureCollectionViewController.swift in Sources */ = {isa = PBXBuildFile; fileRef = CD4423301B901971000EC621 /* PictureCollectionViewController.swift */; };
		CD4423331B901A08000EC621 /* ImageCollectionViewCell.swift in Sources */ = {isa = PBXBuildFile; fileRef = CD4423321B901A08000EC621 /* ImageCollectionViewCell.swift */; };
		CD4ED02A1B92D8F800B118D0 /* MapKit.framework in Frameworks */ = {isa = PBXBuildFile; fileRef = CD4ED0291B92D8F800B118D0 /* MapKit.framework */; };
		CD7704FB1B97123E0093D162 /* CustomAnnotation.swift in Sources */ = {isa = PBXBuildFile; fileRef = CD7704FA1B97123E0093D162 /* CustomAnnotation.swift */; };
		CD83182B1C564923003EEAD1 /* CalloutView.xib in Resources */ = {isa = PBXBuildFile; fileRef = CD83182A1C564923003EEAD1 /* CalloutView.xib */; };
		CD91FCCF1B92AD6A004E9952 /* CoreLocation.framework in Frameworks */ = {isa = PBXBuildFile; fileRef = CD91FCCE1B92AD6A004E9952 /* CoreLocation.framework */; };
		CDFBDD861C58F4FE0084998B /* FootPrints.xcdatamodeld in Sources */ = {isa = PBXBuildFile; fileRef = CDFBDD841C58F4FE0084998B /* FootPrints.xcdatamodeld */; };
		CDFBDD9B1C58F5D90084998B /* Entry+CoreDataProperties.swift in Sources */ = {isa = PBXBuildFile; fileRef = CDFBDD971C58F5D90084998B /* Entry+CoreDataProperties.swift */; };
		CDFBDD9C1C58F5D90084998B /* Entry.swift in Sources */ = {isa = PBXBuildFile; fileRef = CDFBDD981C58F5D90084998B /* Entry.swift */; };
		CDFBDD9D1C58F5D90084998B /* Picture+CoreDataProperties.swift in Sources */ = {isa = PBXBuildFile; fileRef = CDFBDD991C58F5D90084998B /* Picture+CoreDataProperties.swift */; };
		CDFBDD9E1C58F5D90084998B /* Picture.swift in Sources */ = {isa = PBXBuildFile; fileRef = CDFBDD9A1C58F5D90084998B /* Picture.swift */; };
		CDFBDDA21C5A48DB0084998B /* SWRevealViewController.m in Sources */ = {isa = PBXBuildFile; fileRef = CDFBDDA11C5A48DB0084998B /* SWRevealViewController.m */; };
/* End PBXBuildFile section */

/* Begin PBXContainerItemProxy section */
		CD44231D1B901506000EC621 /* PBXContainerItemProxy */ = {
			isa = PBXContainerItemProxy;
			containerPortal = CD4422FC1B901506000EC621 /* Project object */;
			proxyType = 1;
			remoteGlobalIDString = CD4423031B901506000EC621;
			remoteInfo = JournalApp;
		};
/* End PBXContainerItemProxy section */

/* Begin PBXFileReference section */
		CD09FCCC1B95452500F350FB /* JournalImageTableViewCell.swift */ = {isa = PBXFileReference; fileEncoding = 4; lastKnownFileType = sourcecode.swift; path = JournalImageTableViewCell.swift; sourceTree = "<group>"; };
		CD09FCD21B96AEE700F350FB /* MapViewController.swift */ = {isa = PBXFileReference; fileEncoding = 4; lastKnownFileType = sourcecode.swift; path = MapViewController.swift; sourceTree = "<group>"; };
		CD3599B91B942BCD007EF4F3 /* JournalDetailTableViewController.swift */ = {isa = PBXFileReference; fileEncoding = 4; lastKnownFileType = sourcecode.swift; path = JournalDetailTableViewController.swift; sourceTree = "<group>"; };
		CD3599BD1B9448FA007EF4F3 /* JournalBodyTableViewCell.swift */ = {isa = PBXFileReference; fileEncoding = 4; lastKnownFileType = sourcecode.swift; path = JournalBodyTableViewCell.swift; sourceTree = "<group>"; };
		CD3599BF1B944F07007EF4F3 /* JournalMapTableViewCell.swift */ = {isa = PBXFileReference; fileEncoding = 4; lastKnownFileType = sourcecode.swift; path = JournalMapTableViewCell.swift; sourceTree = "<group>"; };
		CD39C3801C5709C800A3DB51 /* FBSDKCoreKit.framework */ = {isa = PBXFileReference; lastKnownFileType = wrapper.framework; path = FBSDKCoreKit.framework; sourceTree = "<group>"; };
		CD39C3811C5709C800A3DB51 /* FBSDKLoginKit.framework */ = {isa = PBXFileReference; lastKnownFileType = wrapper.framework; path = FBSDKLoginKit.framework; sourceTree = "<group>"; };
		CD39C3821C5709C800A3DB51 /* FBSDKShareKit.framework */ = {isa = PBXFileReference; lastKnownFileType = wrapper.framework; path = FBSDKShareKit.framework; sourceTree = "<group>"; };
		CD39C3861C570E9100A3DB51 /* LoginViewController.swift */ = {isa = PBXFileReference; fileEncoding = 4; lastKnownFileType = sourcecode.swift; path = LoginViewController.swift; sourceTree = "<group>"; };
		CD4423041B901506000EC621 /* FootPrints.app */ = {isa = PBXFileReference; explicitFileType = wrapper.application; includeInIndex = 0; path = FootPrints.app; sourceTree = BUILT_PRODUCTS_DIR; };
		CD4423081B901506000EC621 /* Info.plist */ = {isa = PBXFileReference; lastKnownFileType = text.plist.xml; path = Info.plist; sourceTree = "<group>"; };
		CD4423091B901506000EC621 /* AppDelegate.swift */ = {isa = PBXFileReference; lastKnownFileType = sourcecode.swift; path = AppDelegate.swift; sourceTree = "<group>"; };
		CD44230E1B901506000EC621 /* JournalTableViewController.swift */ = {isa = PBXFileReference; lastKnownFileType = sourcecode.swift; path = JournalTableViewController.swift; sourceTree = "<group>"; };
		CD4423111B901506000EC621 /* Base */ = {isa = PBXFileReference; lastKnownFileType = file.storyboard; name = Base; path = Base.lproj/Main.storyboard; sourceTree = "<group>"; };
		CD4423131B901506000EC621 /* Images.xcassets */ = {isa = PBXFileReference; lastKnownFileType = folder.assetcatalog; path = Images.xcassets; sourceTree = "<group>"; };
		CD4423161B901506000EC621 /* Base */ = {isa = PBXFileReference; lastKnownFileType = file.xib; name = Base; path = Base.lproj/LaunchScreen.xib; sourceTree = "<group>"; };
		CD44231C1B901506000EC621 /* FootPrints.xctest */ = {isa = PBXFileReference; explicitFileType = wrapper.cfbundle; includeInIndex = 0; path = FootPrints.xctest; sourceTree = BUILT_PRODUCTS_DIR; };
		CD4423211B901506000EC621 /* Info.plist */ = {isa = PBXFileReference; lastKnownFileType = text.plist.xml; path = Info.plist; sourceTree = "<group>"; };
		CD4423221B901506000EC621 /* JournalAppTests.swift */ = {isa = PBXFileReference; lastKnownFileType = sourcecode.swift; path = JournalAppTests.swift; sourceTree = "<group>"; };
		CD44232C1B9015DF000EC621 /* EntryTableViewCell.swift */ = {isa = PBXFileReference; fileEncoding = 4; lastKnownFileType = sourcecode.swift; path = EntryTableViewCell.swift; sourceTree = "<group>"; };
		CD44232E1B90183B000EC621 /* AddEntryViewController.swift */ = {isa = PBXFileReference; fileEncoding = 4; lastKnownFileType = sourcecode.swift; path = AddEntryViewController.swift; sourceTree = "<group>"; };
		CD4423301B901971000EC621 /* PictureCollectionViewController.swift */ = {isa = PBXFileReference; fileEncoding = 4; lastKnownFileType = sourcecode.swift; path = PictureCollectionViewController.swift; sourceTree = "<group>"; };
		CD4423321B901A08000EC621 /* ImageCollectionViewCell.swift */ = {isa = PBXFileReference; fileEncoding = 4; lastKnownFileType = sourcecode.swift; path = ImageCollectionViewCell.swift; sourceTree = "<group>"; };
		CD4ED0291B92D8F800B118D0 /* MapKit.framework */ = {isa = PBXFileReference; lastKnownFileType = wrapper.framework; name = MapKit.framework; path = System/Library/Frameworks/MapKit.framework; sourceTree = SDKROOT; };
		CD7704FA1B97123E0093D162 /* CustomAnnotation.swift */ = {isa = PBXFileReference; fileEncoding = 4; lastKnownFileType = sourcecode.swift; path = CustomAnnotation.swift; sourceTree = "<group>"; };
		CD83182A1C564923003EEAD1 /* CalloutView.xib */ = {isa = PBXFileReference; fileEncoding = 4; lastKnownFileType = file.xib; path = CalloutView.xib; sourceTree = "<group>"; };
		CD91FCCE1B92AD6A004E9952 /* CoreLocation.framework */ = {isa = PBXFileReference; lastKnownFileType = wrapper.framework; name = CoreLocation.framework; path = System/Library/Frameworks/CoreLocation.framework; sourceTree = SDKROOT; };
		CDFBDD851C58F4FE0084998B /* FootPrints.xcdatamodel */ = {isa = PBXFileReference; lastKnownFileType = wrapper.xcdatamodel; path = FootPrints.xcdatamodel; sourceTree = "<group>"; };
		CDFBDD971C58F5D90084998B /* Entry+CoreDataProperties.swift */ = {isa = PBXFileReference; fileEncoding = 4; lastKnownFileType = sourcecode.swift; path = "Entry+CoreDataProperties.swift"; sourceTree = "<group>"; };
		CDFBDD981C58F5D90084998B /* Entry.swift */ = {isa = PBXFileReference; fileEncoding = 4; lastKnownFileType = sourcecode.swift; path = Entry.swift; sourceTree = "<group>"; };
		CDFBDD991C58F5D90084998B /* Picture+CoreDataProperties.swift */ = {isa = PBXFileReference; fileEncoding = 4; lastKnownFileType = sourcecode.swift; path = "Picture+CoreDataProperties.swift"; sourceTree = "<group>"; };
		CDFBDD9A1C58F5D90084998B /* Picture.swift */ = {isa = PBXFileReference; fileEncoding = 4; lastKnownFileType = sourcecode.swift; path = Picture.swift; sourceTree = "<group>"; };
		CDFBDDA01C5A48DB0084998B /* SWRevealViewController.h */ = {isa = PBXFileReference; fileEncoding = 4; lastKnownFileType = sourcecode.c.h; path = SWRevealViewController.h; sourceTree = "<group>"; };
		CDFBDDA11C5A48DB0084998B /* SWRevealViewController.m */ = {isa = PBXFileReference; fileEncoding = 4; lastKnownFileType = sourcecode.c.objc; path = SWRevealViewController.m; sourceTree = "<group>"; };
/* End PBXFileReference section */

/* Begin PBXFrameworksBuildPhase section */
		CD4423011B901506000EC621 /* Frameworks */ = {
			isa = PBXFrameworksBuildPhase;
			buildActionMask = 2147483647;
			files = (
				CD4ED02A1B92D8F800B118D0 /* MapKit.framework in Frameworks */,
				CD39C3831C5709C800A3DB51 /* FBSDKCoreKit.framework in Frameworks */,
				CD39C3851C5709C800A3DB51 /* FBSDKShareKit.framework in Frameworks */,
				CD39C3841C5709C800A3DB51 /* FBSDKLoginKit.framework in Frameworks */,
				CD91FCCF1B92AD6A004E9952 /* CoreLocation.framework in Frameworks */,
			);
			runOnlyForDeploymentPostprocessing = 0;
		};
		CD4423191B901506000EC621 /* Frameworks */ = {
			isa = PBXFrameworksBuildPhase;
			buildActionMask = 2147483647;
			files = (
			);
			runOnlyForDeploymentPostprocessing = 0;
		};
/* End PBXFrameworksBuildPhase section */

/* Begin PBXGroup section */
		CD39C37F1C57099200A3DB51 /* Framework */ = {
			isa = PBXGroup;
			children = (
				CD39C3801C5709C800A3DB51 /* FBSDKCoreKit.framework */,
				CD39C3811C5709C800A3DB51 /* FBSDKLoginKit.framework */,
				CD39C3821C5709C800A3DB51 /* FBSDKShareKit.framework */,
			);
			name = Framework;
			sourceTree = "<group>";
		};
		CD4422FB1B901506000EC621 = {
			isa = PBXGroup;
			children = (
				CDFBDD9F1C5A48DB0084998B /* SWRevealViewController */,
				CDFBDD971C58F5D90084998B /* Entry+CoreDataProperties.swift */,
				CDFBDD981C58F5D90084998B /* Entry.swift */,
				CDFBDD991C58F5D90084998B /* Picture+CoreDataProperties.swift */,
				CDFBDD9A1C58F5D90084998B /* Picture.swift */,
				CDFBDD841C58F4FE0084998B /* FootPrints.xcdatamodeld */,
				CD39C37F1C57099200A3DB51 /* Framework */,
				CD83182C1C56496F003EEAD1 /* Controller */,
				CD8318291C5648D1003EEAD1 /* View */,
				CD4ED0291B92D8F800B118D0 /* MapKit.framework */,
				CD91FCCE1B92AD6A004E9952 /* CoreLocation.framework */,
				CD4423061B901506000EC621 /* JournalApp */,
				CD44231F1B901506000EC621 /* JournalAppTests */,
				CD4423051B901506000EC621 /* Products */,
			);
			sourceTree = "<group>";
		};
		CD4423051B901506000EC621 /* Products */ = {
			isa = PBXGroup;
			children = (
				CD4423041B901506000EC621 /* FootPrints.app */,
				CD44231C1B901506000EC621 /* FootPrints.xctest */,
			);
			name = Products;
			sourceTree = "<group>";
		};
		CD4423061B901506000EC621 /* JournalApp */ = {
			isa = PBXGroup;
			children = (
				CD09FCCC1B95452500F350FB /* JournalImageTableViewCell.swift */,
				CD3599B91B942BCD007EF4F3 /* JournalDetailTableViewController.swift */,
				CD4423301B901971000EC621 /* PictureCollectionViewController.swift */,
				CD4423091B901506000EC621 /* AppDelegate.swift */,
				CD09FCD21B96AEE700F350FB /* MapViewController.swift */,
				CD44232E1B90183B000EC621 /* AddEntryViewController.swift */,
				CD44230E1B901506000EC621 /* JournalTableViewController.swift */,
				CD4423101B901506000EC621 /* Main.storyboard */,
				CD4423131B901506000EC621 /* Images.xcassets */,
				CD4423151B901506000EC621 /* LaunchScreen.xib */,
				CD4423071B901506000EC621 /* Supporting Files */,
			);
			path = JournalApp;
			sourceTree = "<group>";
		};
		CD4423071B901506000EC621 /* Supporting Files */ = {
			isa = PBXGroup;
			children = (
				CD3599BF1B944F07007EF4F3 /* JournalMapTableViewCell.swift */,
				CD44232C1B9015DF000EC621 /* EntryTableViewCell.swift */,
				CD3599BD1B9448FA007EF4F3 /* JournalBodyTableViewCell.swift */,
				CD4423321B901A08000EC621 /* ImageCollectionViewCell.swift */,
				CD7704FA1B97123E0093D162 /* CustomAnnotation.swift */,
				CD4423081B901506000EC621 /* Info.plist */,
			);
			name = "Supporting Files";
			sourceTree = "<group>";
		};
		CD44231F1B901506000EC621 /* JournalAppTests */ = {
			isa = PBXGroup;
			children = (
				CD4423221B901506000EC621 /* JournalAppTests.swift */,
				CD4423201B901506000EC621 /* Supporting Files */,
			);
			path = JournalAppTests;
			sourceTree = "<group>";
		};
		CD4423201B901506000EC621 /* Supporting Files */ = {
			isa = PBXGroup;
			children = (
				CD4423211B901506000EC621 /* Info.plist */,
			);
			name = "Supporting Files";
			sourceTree = "<group>";
		};
		CD8318291C5648D1003EEAD1 /* View */ = {
			isa = PBXGroup;
			children = (
				CD83182A1C564923003EEAD1 /* CalloutView.xib */,
			);
			name = View;
			sourceTree = "<group>";
		};
		CD83182C1C56496F003EEAD1 /* Controller */ = {
			isa = PBXGroup;
			children = (
				CD39C3861C570E9100A3DB51 /* LoginViewController.swift */,
			);
			name = Controller;
			sourceTree = "<group>";
		};
		CDFBDD9F1C5A48DB0084998B /* SWRevealViewController */ = {
			isa = PBXGroup;
			children = (
				CDFBDDA01C5A48DB0084998B /* SWRevealViewController.h */,
				CDFBDDA11C5A48DB0084998B /* SWRevealViewController.m */,
			);
			path = SWRevealViewController;
			sourceTree = "<group>";
		};
/* End PBXGroup section */

/* Begin PBXNativeTarget section */
		CD4423031B901506000EC621 /* FootPrints */ = {
			isa = PBXNativeTarget;
			buildConfigurationList = CD4423261B901506000EC621 /* Build configuration list for PBXNativeTarget "FootPrints" */;
			buildPhases = (
				CD4423001B901506000EC621 /* Sources */,
				CD4423011B901506000EC621 /* Frameworks */,
				CD4423021B901506000EC621 /* Resources */,
			);
			buildRules = (
			);
			dependencies = (
			);
			name = FootPrints;
			productName = JournalApp;
			productReference = CD4423041B901506000EC621 /* FootPrints.app */;
			productType = "com.apple.product-type.application";
		};
		CD44231B1B901506000EC621 /* FootPrintsTests */ = {
			isa = PBXNativeTarget;
			buildConfigurationList = CD4423291B901506000EC621 /* Build configuration list for PBXNativeTarget "FootPrintsTests" */;
			buildPhases = (
				CD4423181B901506000EC621 /* Sources */,
				CD4423191B901506000EC621 /* Frameworks */,
				CD44231A1B901506000EC621 /* Resources */,
			);
			buildRules = (
			);
			dependencies = (
				CD44231E1B901506000EC621 /* PBXTargetDependency */,
			);
			name = FootPrintsTests;
			productName = JournalAppTests;
			productReference = CD44231C1B901506000EC621 /* FootPrints.xctest */;
			productType = "com.apple.product-type.bundle.unit-test";
		};
/* End PBXNativeTarget section */

/* Begin PBXProject section */
		CD4422FC1B901506000EC621 /* Project object */ = {
			isa = PBXProject;
			attributes = {
				LastSwiftMigration = 0700;
				LastSwiftUpdateCheck = 0700;
				LastUpgradeCheck = 0640;
				ORGANIZATIONNAME = "Patrick Gao";
				TargetAttributes = {
					CD4423031B901506000EC621 = {
						CreatedOnToolsVersion = 6.4;
					};
					CD44231B1B901506000EC621 = {
						CreatedOnToolsVersion = 6.4;
						TestTargetID = CD4423031B901506000EC621;
					};
				};
			};
			buildConfigurationList = CD4422FF1B901506000EC621 /* Build configuration list for PBXProject "FootPrints" */;
			compatibilityVersion = "Xcode 3.2";
			developmentRegion = English;
			hasScannedForEncodings = 0;
			knownRegions = (
				en,
				Base,
			);
			mainGroup = CD4422FB1B901506000EC621;
			productRefGroup = CD4423051B901506000EC621 /* Products */;
			projectDirPath = "";
			projectRoot = "";
			targets = (
				CD4423031B901506000EC621 /* FootPrints */,
				CD44231B1B901506000EC621 /* FootPrintsTests */,
			);
		};
/* End PBXProject section */

/* Begin PBXResourcesBuildPhase section */
		CD4423021B901506000EC621 /* Resources */ = {
			isa = PBXResourcesBuildPhase;
			buildActionMask = 2147483647;
			files = (
				CD4423121B901506000EC621 /* Main.storyboard in Resources */,
				CD4423171B901506000EC621 /* LaunchScreen.xib in Resources */,
				CD4423141B901506000EC621 /* Images.xcassets in Resources */,
				CD83182B1C564923003EEAD1 /* CalloutView.xib in Resources */,
			);
			runOnlyForDeploymentPostprocessing = 0;
		};
		CD44231A1B901506000EC621 /* Resources */ = {
			isa = PBXResourcesBuildPhase;
			buildActionMask = 2147483647;
			files = (
			);
			runOnlyForDeploymentPostprocessing = 0;
		};
/* End PBXResourcesBuildPhase section */

/* Begin PBXSourcesBuildPhase section */
		CD4423001B901506000EC621 /* Sources */ = {
			isa = PBXSourcesBuildPhase;
			buildActionMask = 2147483647;
			files = (
				CDFBDD9E1C58F5D90084998B /* Picture.swift in Sources */,
				CDFBDDA21C5A48DB0084998B /* SWRevealViewController.m in Sources */,
				CD3599C01B944F07007EF4F3 /* JournalMapTableViewCell.swift in Sources */,
				CD44232D1B9015DF000EC621 /* EntryTableViewCell.swift in Sources */,
				CD44230F1B901506000EC621 /* JournalTableViewController.swift in Sources */,
				CD44230A1B901506000EC621 /* AppDelegate.swift in Sources */,
				CDFBDD861C58F4FE0084998B /* FootPrints.xcdatamodeld in Sources */,
				CD4423331B901A08000EC621 /* ImageCollectionViewCell.swift in Sources */,
				CD7704FB1B97123E0093D162 /* CustomAnnotation.swift in Sources */,
				CD4423311B901971000EC621 /* PictureCollectionViewController.swift in Sources */,
				CDFBDD9C1C58F5D90084998B /* Entry.swift in Sources */,
				CD44232F1B90183B000EC621 /* AddEntryViewController.swift in Sources */,
				CDFBDD9B1C58F5D90084998B /* Entry+CoreDataProperties.swift in Sources */,
				CD3599BE1B9448FA007EF4F3 /* JournalBodyTableViewCell.swift in Sources */,
				CD39C3871C570E9100A3DB51 /* LoginViewController.swift in Sources */,
				CD3599BA1B942BCD007EF4F3 /* JournalDetailTableViewController.swift in Sources */,
				CD09FCD31B96AEE700F350FB /* MapViewController.swift in Sources */,
				CDFBDD9D1C58F5D90084998B /* Picture+CoreDataProperties.swift in Sources */,
				CD09FCCD1B95452500F350FB /* JournalImageTableViewCell.swift in Sources */,
			);
			runOnlyForDeploymentPostprocessing = 0;
		};
		CD4423181B901506000EC621 /* Sources */ = {
			isa = PBXSourcesBuildPhase;
			buildActionMask = 2147483647;
			files = (
				CD4423231B901506000EC621 /* JournalAppTests.swift in Sources */,
			);
			runOnlyForDeploymentPostprocessing = 0;
		};
/* End PBXSourcesBuildPhase section */

/* Begin PBXTargetDependency section */
		CD44231E1B901506000EC621 /* PBXTargetDependency */ = {
			isa = PBXTargetDependency;
			target = CD4423031B901506000EC621 /* FootPrints */;
			targetProxy = CD44231D1B901506000EC621 /* PBXContainerItemProxy */;
		};
/* End PBXTargetDependency section */

/* Begin PBXVariantGroup section */
		CD4423101B901506000EC621 /* Main.storyboard */ = {
			isa = PBXVariantGroup;
			children = (
				CD4423111B901506000EC621 /* Base */,
			);
			name = Main.storyboard;
			sourceTree = "<group>";
		};
		CD4423151B901506000EC621 /* LaunchScreen.xib */ = {
			isa = PBXVariantGroup;
			children = (
				CD4423161B901506000EC621 /* Base */,
			);
			name = LaunchScreen.xib;
			sourceTree = "<group>";
		};
/* End PBXVariantGroup section */

/* Begin XCBuildConfiguration section */
		CD4423241B901506000EC621 /* Debug */ = {
			isa = XCBuildConfiguration;
			buildSettings = {
				ALWAYS_SEARCH_USER_PATHS = NO;
				CLANG_CXX_LANGUAGE_STANDARD = "gnu++0x";
				CLANG_CXX_LIBRARY = "libc++";
				CLANG_ENABLE_MODULES = YES;
				CLANG_ENABLE_OBJC_ARC = YES;
				CLANG_WARN_BOOL_CONVERSION = YES;
				CLANG_WARN_CONSTANT_CONVERSION = YES;
				CLANG_WARN_DIRECT_OBJC_ISA_USAGE = YES_ERROR;
				CLANG_WARN_EMPTY_BODY = YES;
				CLANG_WARN_ENUM_CONVERSION = YES;
				CLANG_WARN_INT_CONVERSION = YES;
				CLANG_WARN_OBJC_ROOT_CLASS = YES_ERROR;
				CLANG_WARN_UNREACHABLE_CODE = YES;
				CLANG_WARN__DUPLICATE_METHOD_MATCH = YES;
				"CODE_SIGN_IDENTITY[sdk=iphoneos*]" = "iPhone Developer";
				COPY_PHASE_STRIP = NO;
				DEBUG_INFORMATION_FORMAT = "dwarf-with-dsym";
				ENABLE_STRICT_OBJC_MSGSEND = YES;
				GCC_C_LANGUAGE_STANDARD = gnu99;
				GCC_DYNAMIC_NO_PIC = NO;
				GCC_NO_COMMON_BLOCKS = YES;
				GCC_OPTIMIZATION_LEVEL = 0;
				GCC_PREPROCESSOR_DEFINITIONS = (
					"DEBUG=1",
					"$(inherited)",
				);
				GCC_SYMBOLS_PRIVATE_EXTERN = NO;
				GCC_WARN_64_TO_32_BIT_CONVERSION = YES;
				GCC_WARN_ABOUT_RETURN_TYPE = YES_ERROR;
				GCC_WARN_UNDECLARED_SELECTOR = YES;
				GCC_WARN_UNINITIALIZED_AUTOS = YES_AGGRESSIVE;
				GCC_WARN_UNUSED_FUNCTION = YES;
				GCC_WARN_UNUSED_VARIABLE = YES;
				IPHONEOS_DEPLOYMENT_TARGET = 8.4;
				MTL_ENABLE_DEBUG_INFO = YES;
				ONLY_ACTIVE_ARCH = YES;
				SDKROOT = iphoneos;
				SWIFT_OPTIMIZATION_LEVEL = "-Onone";
				TARGETED_DEVICE_FAMILY = "1,2";
			};
			name = Debug;
		};
		CD4423251B901506000EC621 /* Release */ = {
			isa = XCBuildConfiguration;
			buildSettings = {
				ALWAYS_SEARCH_USER_PATHS = NO;
				CLANG_CXX_LANGUAGE_STANDARD = "gnu++0x";
				CLANG_CXX_LIBRARY = "libc++";
				CLANG_ENABLE_MODULES = YES;
				CLANG_ENABLE_OBJC_ARC = YES;
				CLANG_WARN_BOOL_CONVERSION = YES;
				CLANG_WARN_CONSTANT_CONVERSION = YES;
				CLANG_WARN_DIRECT_OBJC_ISA_USAGE = YES_ERROR;
				CLANG_WARN_EMPTY_BODY = YES;
				CLANG_WARN_ENUM_CONVERSION = YES;
				CLANG_WARN_INT_CONVERSION = YES;
				CLANG_WARN_OBJC_ROOT_CLASS = YES_ERROR;
				CLANG_WARN_UNREACHABLE_CODE = YES;
				CLANG_WARN__DUPLICATE_METHOD_MATCH = YES;
				"CODE_SIGN_IDENTITY[sdk=iphoneos*]" = "iPhone Developer";
				COPY_PHASE_STRIP = NO;
				DEBUG_INFORMATION_FORMAT = "dwarf-with-dsym";
				ENABLE_NS_ASSERTIONS = NO;
				ENABLE_STRICT_OBJC_MSGSEND = YES;
				GCC_C_LANGUAGE_STANDARD = gnu99;
				GCC_NO_COMMON_BLOCKS = YES;
				GCC_WARN_64_TO_32_BIT_CONVERSION = YES;
				GCC_WARN_ABOUT_RETURN_TYPE = YES_ERROR;
				GCC_WARN_UNDECLARED_SELECTOR = YES;
				GCC_WARN_UNINITIALIZED_AUTOS = YES_AGGRESSIVE;
				GCC_WARN_UNUSED_FUNCTION = YES;
				GCC_WARN_UNUSED_VARIABLE = YES;
				IPHONEOS_DEPLOYMENT_TARGET = 8.4;
				MTL_ENABLE_DEBUG_INFO = NO;
				SDKROOT = iphoneos;
				TARGETED_DEVICE_FAMILY = "1,2";
				VALIDATE_PRODUCT = YES;
			};
			name = Release;
		};
		CD4423271B901506000EC621 /* Debug */ = {
			isa = XCBuildConfiguration;
			buildSettings = {
				ASSETCATALOG_COMPILER_APPICON_NAME = AppIcon;
				FRAMEWORK_SEARCH_PATHS = (
					"$(inherited)",
					"$(PROJECT_DIR)",
				);
				INFOPLIST_FILE = JournalApp/Info.plist;
				IPHONEOS_DEPLOYMENT_TARGET = 9.0;
				LD_RUNPATH_SEARCH_PATHS = "$(inherited) @executable_path/Frameworks";
				PRODUCT_BUNDLE_IDENTIFIER = FootPrints;
				PRODUCT_NAME = FootPrints;
			};
			name = Debug;
		};
		CD4423281B901506000EC621 /* Release */ = {
			isa = XCBuildConfiguration;
			buildSettings = {
				ASSETCATALOG_COMPILER_APPICON_NAME = AppIcon;
				FRAMEWORK_SEARCH_PATHS = (
					"$(inherited)",
					"$(PROJECT_DIR)",
				);
				INFOPLIST_FILE = JournalApp/Info.plist;
				IPHONEOS_DEPLOYMENT_TARGET = 9.0;
				LD_RUNPATH_SEARCH_PATHS = "$(inherited) @executable_path/Frameworks";
				PRODUCT_BUNDLE_IDENTIFIER = FootPrints;
				PRODUCT_NAME = FootPrints;
			};
			name = Release;
		};
		CD44232A1B901506000EC621 /* Debug */ = {
			isa = XCBuildConfiguration;
			buildSettings = {
				BUNDLE_LOADER = "$(TEST_HOST)";
				FRAMEWORK_SEARCH_PATHS = (
					"$(SDKROOT)/Developer/Library/Frameworks",
					"$(inherited)",
				);
				GCC_PREPROCESSOR_DEFINITIONS = (
					"DEBUG=1",
					"$(inherited)",
				);
				INFOPLIST_FILE = JournalAppTests/Info.plist;
				LD_RUNPATH_SEARCH_PATHS = "$(inherited) @executable_path/Frameworks @loader_path/Frameworks";
				PRODUCT_NAME = FootPrints;
				TEST_HOST = "$(BUILT_PRODUCTS_DIR)/FootPrints.app/FootPrints";
			};
			name = Debug;
		};
		CD44232B1B901506000EC621 /* Release */ = {
			isa = XCBuildConfiguration;
			buildSettings = {
				BUNDLE_LOADER = "$(TEST_HOST)";
				FRAMEWORK_SEARCH_PATHS = (
					"$(SDKROOT)/Developer/Library/Frameworks",
					"$(inherited)",
				);
				INFOPLIST_FILE = JournalAppTests/Info.plist;
				LD_RUNPATH_SEARCH_PATHS = "$(inherited) @executable_path/Frameworks @loader_path/Frameworks";
				PRODUCT_NAME = FootPrints;
				TEST_HOST = "$(BUILT_PRODUCTS_DIR)/FootPrints.app/FootPrints";
			};
			name = Release;
		};
/* End XCBuildConfiguration section */

/* Begin XCConfigurationList section */
		CD4422FF1B901506000EC621 /* Build configuration list for PBXProject "FootPrints" */ = {
			isa = XCConfigurationList;
			buildConfigurations = (
				CD4423241B901506000EC621 /* Debug */,
				CD4423251B901506000EC621 /* Release */,
			);
			defaultConfigurationIsVisible = 0;
			defaultConfigurationName = Release;
		};
		CD4423261B901506000EC621 /* Build configuration list for PBXNativeTarget "FootPrints" */ = {
			isa = XCConfigurationList;
			buildConfigurations = (
				CD4423271B901506000EC621 /* Debug */,
				CD4423281B901506000EC621 /* Release */,
			);
			defaultConfigurationIsVisible = 0;
			defaultConfigurationName = Release;
		};
		CD4423291B901506000EC621 /* Build configuration list for PBXNativeTarget "FootPrintsTests" */ = {
			isa = XCConfigurationList;
			buildConfigurations = (
				CD44232A1B901506000EC621 /* Debug */,
				CD44232B1B901506000EC621 /* Release */,
			);
			defaultConfigurationIsVisible = 0;
			defaultConfigurationName = Release;
		};
/* End XCConfigurationList section */

/* Begin XCVersionGroup section */
		CDFBDD841C58F4FE0084998B /* FootPrints.xcdatamodeld */ = {
			isa = XCVersionGroup;
			children = (
				CDFBDD851C58F4FE0084998B /* FootPrints.xcdatamodel */,
			);
			currentVersion = CDFBDD851C58F4FE0084998B /* FootPrints.xcdatamodel */;
			path = FootPrints.xcdatamodeld;
			sourceTree = "<group>";
			versionGroupType = wrapper.xcdatamodel;
		};
/* End XCVersionGroup section */
	};
	rootObject = CD4422FC1B901506000EC621 /* Project object */;
}
